
Microsoft Visual Studio Solution File, Format Version 12.00
# Visual Studio 2012
Project("{FAE04EC0-301F-11D3-BF4B-00C04F79EFBC}") = "eBriefing", "eBriefing.csproj", "{58AA7E38-2185-43F5-8770-38EA92A947F9}"
EndProject
Global
	GlobalSection(SolutionConfigurationPlatforms) = preSolution
		Debug|iPhoneSimulator = Debug|iPhoneSimulator
		Release|iPhoneSimulator = Release|iPhoneSimulator
		Debug|iPhone = Debug|iPhone
		Release|iPhone = Release|iPhone
		Ad-Hoc|iPhone = Ad-Hoc|iPhone
		AppStore|iPhone = AppStore|iPhone
	EndGlobalSection
	GlobalSection(ProjectConfigurationPlatforms) = postSolution
		{58AA7E38-2185-43F5-8770-38EA92A947F9}.Debug|iPhoneSimulator.ActiveCfg = Debug|iPhoneSimulator
		{58AA7E38-2185-43F5-8770-38EA92A947F9}.Debug|iPhoneSimulator.Build.0 = Debug|iPhoneSimulator
		{58AA7E38-2185-43F5-8770-38EA92A947F9}.Release|iPhoneSimulator.ActiveCfg = Release|iPhoneSimulator
		{58AA7E38-2185-43F5-8770-38EA92A947F9}.Release|iPhoneSimulator.Build.0 = Release|iPhoneSimulator
		{58AA7E38-2185-43F5-8770-38EA92A947F9}.Debug|iPhone.ActiveCfg = Debug|iPhone
		{58AA7E38-2185-43F5-8770-38EA92A947F9}.Debug|iPhone.Build.0 = Debug|iPhone
		{58AA7E38-2185-43F5-8770-38EA92A947F9}.Release|iPhone.ActiveCfg = Release|iPhone
		{58AA7E38-2185-43F5-8770-38EA92A947F9}.Release|iPhone.Build.0 = Release|iPhone
		{58AA7E38-2185-43F5-8770-38EA92A947F9}.Ad-Hoc|iPhone.ActiveCfg = Ad-Hoc|iPhone
		{58AA7E38-2185-43F5-8770-38EA92A947F9}.Ad-Hoc|iPhone.Build.0 = Ad-Hoc|iPhone
		{58AA7E38-2185-43F5-8770-38EA92A947F9}.AppStore|iPhone.ActiveCfg = AppStore|iPhone
		{58AA7E38-2185-43F5-8770-38EA92A947F9}.AppStore|iPhone.Build.0 = AppStore|iPhone
	EndGlobalSection
EndGlobal
